
Microsoft Visual Studio Solution File, Format Version 12.00
# Visual Studio 15
VisualStudioVersion = 15.0.27428.2043
MinimumVisualStudioVersion = 10.0.40219.1
Project("{8BC9CEB8-8B4A-11D0-8D11-00A0C91BC942}") = "Aufgabe1", "Aufgabe1.vcxproj", "{86F0B5C2-4E4A-4FC6-9CE5-3FAF35001B5C}"
EndProject
Global
	GlobalSection(SolutionConfigurationPlatforms) = preSolution
		Debug|x64 = Debug|x64
		Debug|x86 = Debug|x86
		Release|x64 = Release|x64
		Release|x86 = Release|x86
	EndGlobalSection
	GlobalSection(ProjectConfigurationPlatforms) = postSolution
		{86F0B5C2-4E4A-4FC6-9CE5-3FAF35001B5C}.Debug|x64.ActiveCfg = Debug|x64
		{86F0B5C2-4E4A-4FC6-9CE5-3FAF35001B5C}.Debug|x64.Build.0 = Debug|x64
		{86F0B5C2-4E4A-4FC6-9CE5-3FAF35001B5C}.Debug|x86.ActiveCfg = Debug|Win32
		{86F0B5C2-4E4A-4FC6-9CE5-3FAF35001B5C}.Debug|x86.Build.0 = Debug|Win32
		{86F0B5C2-4E4A-4FC6-9CE5-3FAF35001B5C}.Release|x64.ActiveCfg = Release|x64
		{86F0B5C2-4E4A-4FC6-9CE5-3FAF35001B5C}.Release|x64.Build.0 = Release|x64
		{86F0B5C2-4E4A-4FC6-9CE5-3FAF35001B5C}.Release|x86.ActiveCfg = Release|Win32
		{86F0B5C2-4E4A-4FC6-9CE5-3FAF35001B5C}.Release|x86.Build.0 = Release|Win32
	EndGlobalSection
	GlobalSection(SolutionProperties) = preSolution
		HideSolutionNode = FALSE
	EndGlobalSection
	GlobalSection(ExtensibilityGlobals) = postSolution
		SolutionGuid = {004D487B-42FC-431C-B3C2-583C69C415AC}
	EndGlobalSection
EndGlobal
